// !$*UTF8*$!
{
	archiveVersion = 1;
	classes = {
	};
	objectVersion = 56;
	objects = {

/* Begin PBXBuildFile section */
		283441DA289F595000923E6C /* SpringOptionsSpeed.swift in Sources */ = {isa = PBXBuildFile; fileRef = 283441D9289F595000923E6C /* SpringOptionsSpeed.swift */; };
		283441DC289F5B1700923E6C /* SpringOptionsRepeating.swift in Sources */ = {isa = PBXBuildFile; fileRef = 283441DB289F5B1700923E6C /* SpringOptionsRepeating.swift */; };
		283441DE289F9F4800923E6C /* TransitionIntro.swift in Sources */ = {isa = PBXBuildFile; fileRef = 283441DD289F9F4800923E6C /* TransitionIntro.swift */; };
		283FCB4D28921E56005BD689 /* ScopeWithAnimation.swift in Sources */ = {isa = PBXBuildFile; fileRef = 283FCB4C28921E56005BD689 /* ScopeWithAnimation.swift */; };
		283FCB4F289220EF005BD689 /* ScopeWithAnimationCustomAnimation.swift in Sources */ = {isa = PBXBuildFile; fileRef = 283FCB4E289220EF005BD689 /* ScopeWithAnimationCustomAnimation.swift */; };
		284C5B9F28A0764E008AA9AF /* TransitionMove.swift in Sources */ = {isa = PBXBuildFile; fileRef = 284C5B9E28A0764E008AA9AF /* TransitionMove.swift */; };
		284C5BA128A077B7008AA9AF /* TransitionOffset.swift in Sources */ = {isa = PBXBuildFile; fileRef = 284C5BA028A077B7008AA9AF /* TransitionOffset.swift */; };
		284C5BA328A07839008AA9AF /* TransitionOpacity.swift in Sources */ = {isa = PBXBuildFile; fileRef = 284C5BA228A07839008AA9AF /* TransitionOpacity.swift */; };
		284C5BA528A078D9008AA9AF /* TransitionScale.swift in Sources */ = {isa = PBXBuildFile; fileRef = 284C5BA428A078D9008AA9AF /* TransitionScale.swift */; };
		284C5BA728A0794F008AA9AF /* TransitionSlide.swift in Sources */ = {isa = PBXBuildFile; fileRef = 284C5BA628A0794F008AA9AF /* TransitionSlide.swift */; };
		284C5BB428A0A81A008AA9AF /* CombiningIntro.swift in Sources */ = {isa = PBXBuildFile; fileRef = 284C5BB328A0A81A008AA9AF /* CombiningIntro.swift */; };
		284C5BB728A0A9B2008AA9AF /* CombiningMoveAndScale.swift in Sources */ = {isa = PBXBuildFile; fileRef = 284C5BB628A0A9B2008AA9AF /* CombiningMoveAndScale.swift */; };
		284D9F002882613500D17F13 /* AnimateRectangle.swift in Sources */ = {isa = PBXBuildFile; fileRef = 284D9EFF2882613500D17F13 /* AnimateRectangle.swift */; };
		284E2BEB288CD2EB00C108D5 /* RepeatingRepeatCount.swift in Sources */ = {isa = PBXBuildFile; fileRef = 284E2BEA288CD2EB00C108D5 /* RepeatingRepeatCount.swift */; };
		284E2BED288CD6FB00C108D5 /* RepeatingRepeatCountAutoReverses.swift in Sources */ = {isa = PBXBuildFile; fileRef = 284E2BEC288CD6FB00C108D5 /* RepeatingRepeatCountAutoReverses.swift */; };
		284E2BEF288CD7F000C108D5 /* RepeatingRepeatForever.swift in Sources */ = {isa = PBXBuildFile; fileRef = 284E2BEE288CD7F000C108D5 /* RepeatingRepeatForever.swift */; };
		284E2BF1288CD91600C108D5 /* RepeatingRepeatForeverAutoReverses.swift in Sources */ = {isa = PBXBuildFile; fileRef = 284E2BF0288CD91600C108D5 /* RepeatingRepeatForeverAutoReverses.swift */; };
		284E2BF3288CDA9000C108D5 /* RepeatingWithDelay.swift in Sources */ = {isa = PBXBuildFile; fileRef = 284E2BF2288CDA9000C108D5 /* RepeatingWithDelay.swift */; };
		2853D80E288149F900E87B87 /* AnimateSizeFrame.swift in Sources */ = {isa = PBXBuildFile; fileRef = 2853D80D288149F900E87B87 /* AnimateSizeFrame.swift */; };
		285551B32894A7F00028CB07 /* TernaryCondition.swift in Sources */ = {isa = PBXBuildFile; fileRef = 285551B22894A7F00028CB07 /* TernaryCondition.swift */; };
		28555B00289B584E00E5EB2D /* InterpolartingStiffness.swift in Sources */ = {isa = PBXBuildFile; fileRef = 28555AFF289B584E00E5EB2D /* InterpolartingStiffness.swift */; };
		28555B02289B5B0C00E5EB2D /* InterpolatingDamping.swift in Sources */ = {isa = PBXBuildFile; fileRef = 28555B01289B5B0C00E5EB2D /* InterpolatingDamping.swift */; };
		28555B04289B5DD600E5EB2D /* InterpolatingCompareStiffnessDamping.swift in Sources */ = {isa = PBXBuildFile; fileRef = 28555B03289B5DD600E5EB2D /* InterpolatingCompareStiffnessDamping.swift */; };
		2856F5B2289F46FE00F20686 /* InterpolatingOverlapping.swift in Sources */ = {isa = PBXBuildFile; fileRef = 2856F5B1289F46FE00F20686 /* InterpolatingOverlapping.swift */; };
		2856F5B4289F4A9400F20686 /* SpringOptionsDelay.swift in Sources */ = {isa = PBXBuildFile; fileRef = 2856F5B3289F4A9400F20686 /* SpringOptionsDelay.swift */; };
		285817B92886557400DB0187 /* TriggerOnAppear.swift in Sources */ = {isa = PBXBuildFile; fileRef = 285817B82886557400DB0187 /* TriggerOnAppear.swift */; };
		285817BB2887979500DB0187 /* TriggerOnDisappear.swift in Sources */ = {isa = PBXBuildFile; fileRef = 285817BA2887979500DB0187 /* TriggerOnDisappear.swift */; };
		2863211528920FAC00BEFA22 /* ScopeChangeSizeInParent.swift in Sources */ = {isa = PBXBuildFile; fileRef = 2863211428920FAC00BEFA22 /* ScopeChangeSizeInParent.swift */; };
		286321172892142100BEFA22 /* ScopeDifferentAnimations.swift in Sources */ = {isa = PBXBuildFile; fileRef = 286321162892142100BEFA22 /* ScopeDifferentAnimations.swift */; };
		28632119289219DE00BEFA22 /* ScopeNoAnimation.swift in Sources */ = {isa = PBXBuildFile; fileRef = 28632118289219DE00BEFA22 /* ScopeNoAnimation.swift */; };
		286D5BF728822E4300736013 /* AnimateScaleEffectAnchors.swift in Sources */ = {isa = PBXBuildFile; fileRef = 286D5BF628822E4300736013 /* AnimateScaleEffectAnchors.swift */; };
		286D5BF92882319700736013 /* AnimateRoundedCorners.swift in Sources */ = {isa = PBXBuildFile; fileRef = 286D5BF82882319700736013 /* AnimateRoundedCorners.swift */; };
		286D5BFB288233CD00736013 /* AnimateTextSize.swift in Sources */ = {isa = PBXBuildFile; fileRef = 286D5BFA288233CD00736013 /* AnimateTextSize.swift */; };
		286D5BFD2882355A00736013 /* AnimateTextSizeScaleEffect.swift in Sources */ = {isa = PBXBuildFile; fileRef = 286D5BFC2882355A00736013 /* AnimateTextSizeScaleEffect.swift */; };
		286D5BFF2882394C00736013 /* AnimateTextSizeScaleEffectSolution.swift in Sources */ = {isa = PBXBuildFile; fileRef = 286D5BFE2882394C00736013 /* AnimateTextSizeScaleEffectSolution.swift */; };
		286D5C0128825CEA00736013 /* AnimateTrim.swift in Sources */ = {isa = PBXBuildFile; fileRef = 286D5C0028825CEA00736013 /* AnimateTrim.swift */; };
		286DC4C92895F4E500BA3553 /* SpringDampen.swift in Sources */ = {isa = PBXBuildFile; fileRef = 286DC4C82895F4E500BA3553 /* SpringDampen.swift */; };
		286DC4CB2895F74E00BA3553 /* SpringResponse.swift in Sources */ = {isa = PBXBuildFile; fileRef = 286DC4CA2895F74E00BA3553 /* SpringResponse.swift */; };
		286DC4CD289607AD00BA3553 /* SpringBlendDuration.swift in Sources */ = {isa = PBXBuildFile; fileRef = 286DC4CC289607AD00BA3553 /* SpringBlendDuration.swift */; };
		2873901D289494DB00F24BEA /* SpeedIntro.swift in Sources */ = {isa = PBXBuildFile; fileRef = 2873901C289494DB00F24BEA /* SpeedIntro.swift */; };
		2873A676287B9B6700401F74 /* SwiftUIAnimationApp.swift in Sources */ = {isa = PBXBuildFile; fileRef = 2873A675287B9B6700401F74 /* SwiftUIAnimationApp.swift */; };
		2873A678287B9B6700401F74 /* ContentView.swift in Sources */ = {isa = PBXBuildFile; fileRef = 2873A677287B9B6700401F74 /* ContentView.swift */; };
		2873A67A287B9B6900401F74 /* Assets.xcassets in Resources */ = {isa = PBXBuildFile; fileRef = 2873A679287B9B6900401F74 /* Assets.xcassets */; };
		2873A67D287B9B6900401F74 /* Preview Assets.xcassets in Resources */ = {isa = PBXBuildFile; fileRef = 2873A67C287B9B6900401F74 /* Preview Assets.xcassets */; };
		2873A684287BC6CF00401F74 /* Text+Extention.swift in Sources */ = {isa = PBXBuildFile; fileRef = 2873A683287BC6CF00401F74 /* Text+Extention.swift */; };
		2873A686287D6B5500401F74 /* Animate_Huerotation.swift in Sources */ = {isa = PBXBuildFile; fileRef = 2873A685287D6B5500401F74 /* Animate_Huerotation.swift */; };
		2873A688287FB1E700401F74 /* OffsetAnimation.swift in Sources */ = {isa = PBXBuildFile; fileRef = 2873A687287FB1E700401F74 /* OffsetAnimation.swift */; };
		2873A68A287FBCD100401F74 /* AnimateAlignment.swift in Sources */ = {isa = PBXBuildFile; fileRef = 2873A689287FBCD100401F74 /* AnimateAlignment.swift */; };
		2873A68C2880DA6100401F74 /* AnimateGeometryReader.swift in Sources */ = {isa = PBXBuildFile; fileRef = 2873A68B2880DA6100401F74 /* AnimateGeometryReader.swift */; };
		28778673288E3A430089D12A /* ScopeSequenceOnSingleView.swift in Sources */ = {isa = PBXBuildFile; fileRef = 28778672288E3A430089D12A /* ScopeSequenceOnSingleView.swift */; };
		2880118F28863E180055CD0C /* TriggerSlider.swift in Sources */ = {isa = PBXBuildFile; fileRef = 2880118E28863E180055CD0C /* TriggerSlider.swift */; };
		2880119128863FE40055CD0C /* TriggerStepper.swift in Sources */ = {isa = PBXBuildFile; fileRef = 2880119028863FE40055CD0C /* TriggerStepper.swift */; };
		28801193288646850055CD0C /* TriggerToggle.swift in Sources */ = {isa = PBXBuildFile; fileRef = 28801192288646850055CD0C /* TriggerToggle.swift */; };
		2880B9E328936479006AE531 /* ScopeNoWithAnimation.swift in Sources */ = {isa = PBXBuildFile; fileRef = 2880B9E228936479006AE531 /* ScopeNoWithAnimation.swift */; };
		2880B9E528936B03006AE531 /* ScopeWithAnimationSequencingSameView.swift in Sources */ = {isa = PBXBuildFile; fileRef = 2880B9E428936B03006AE531 /* ScopeWithAnimationSequencingSameView.swift */; };
		28855E8E288E3E8200DEE800 /* ScopeParentAndChildren.swift in Sources */ = {isa = PBXBuildFile; fileRef = 28855E8D288E3E8200DEE800 /* ScopeParentAndChildren.swift */; };
		2887170E2888C90E0060AA1D /* TriggerGestureDrag.swift in Sources */ = {isa = PBXBuildFile; fileRef = 2887170D2888C90E0060AA1D /* TriggerGestureDrag.swift */; };
		288717102888D3010060AA1D /* TriggerGestureLongPress.swift in Sources */ = {isa = PBXBuildFile; fileRef = 2887170F2888D3010060AA1D /* TriggerGestureLongPress.swift */; };
		288717122888D51C0060AA1D /* TriggerGestureTap.swift in Sources */ = {isa = PBXBuildFile; fileRef = 288717112888D51B0060AA1D /* TriggerGestureTap.swift */; };
		288717142888D74E0060AA1D /* TriggerGestureMagnification.swift in Sources */ = {isa = PBXBuildFile; fileRef = 288717132888D74E0060AA1D /* TriggerGestureMagnification.swift */; };
		288717162888DD7B0060AA1D /* TriggerGestureRotation.swift in Sources */ = {isa = PBXBuildFile; fileRef = 288717152888DD7B0060AA1D /* TriggerGestureRotation.swift */; };
		288717182888F0FA0060AA1D /* TriggerScrollLocation.swift in Sources */ = {isa = PBXBuildFile; fileRef = 288717172888F0FA0060AA1D /* TriggerScrollLocation.swift */; };
		28871734288A35FE0060AA1D /* TriggersShowPopup.swift in Sources */ = {isa = PBXBuildFile; fileRef = 28871733288A35FE0060AA1D /* TriggersShowPopup.swift */; };
		28871736288B51970060AA1D /* DurationParameter.swift in Sources */ = {isa = PBXBuildFile; fileRef = 28871735288B51970060AA1D /* DurationParameter.swift */; };
		28871738288B5B370060AA1D /* DurationLongExample.swift in Sources */ = {isa = PBXBuildFile; fileRef = 28871737288B5B370060AA1D /* DurationLongExample.swift */; };
		2890D9EC2884F91D0089BA20 /* TriggerButton.swift in Sources */ = {isa = PBXBuildFile; fileRef = 2890D9EB2884F91D0089BA20 /* TriggerButton.swift */; };
		289B5367288500AB003AE3D7 /* TriggerSegmentedControl.swift in Sources */ = {isa = PBXBuildFile; fileRef = 289B5366288500AB003AE3D7 /* TriggerSegmentedControl.swift */; };
		289CFBBD2880E449006A4897 /* AnimateOpacity.swift in Sources */ = {isa = PBXBuildFile; fileRef = 289CFBBC2880E449006A4897 /* AnimateOpacity.swift */; };
		289CFBBF288103AF006A4897 /* AnimateRotationEffect.swift in Sources */ = {isa = PBXBuildFile; fileRef = 289CFBBE288103AF006A4897 /* AnimateRotationEffect.swift */; };
		289CFBC12881074C006A4897 /* AnimateRotationAnchor.swift in Sources */ = {isa = PBXBuildFile; fileRef = 289CFBC02881074C006A4897 /* AnimateRotationAnchor.swift */; };
		289EEC6C289225410083760D /* ScopeWithAnimationOnSingleView.swift in Sources */ = {isa = PBXBuildFile; fileRef = 289EEC6B289225410083760D /* ScopeWithAnimationOnSingleView.swift */; };
		289EEC6E289230A40083760D /* ScopeWithAnimationMultipleViews.swift in Sources */ = {isa = PBXBuildFile; fileRef = 289EEC6D289230A40083760D /* ScopeWithAnimationMultipleViews.swift */; };
		289EEC70289359070083760D /* ScopeWithAnimationSequencing.swift in Sources */ = {isa = PBXBuildFile; fileRef = 289EEC6F289359070083760D /* ScopeWithAnimationSequencing.swift */; };
		28B0B4B32897561400A99245 /* InteractiveComparison.swift in Sources */ = {isa = PBXBuildFile; fileRef = 28B0B4B22897561400A99245 /* InteractiveComparison.swift */; };
		28B0B4B5289758C800A99245 /* InteractivePopuo.swift in Sources */ = {isa = PBXBuildFile; fileRef = 28B0B4B4289758C800A99245 /* InteractivePopuo.swift */; };
		28B9330B289C97DD006F7268 /* InterpolatingMass.swift in Sources */ = {isa = PBXBuildFile; fileRef = 28B9330A289C97DD006F7268 /* InterpolatingMass.swift */; };
		28B9330D289C99EA006F7268 /* InterpolatingInitialVelocity.swift in Sources */ = {isa = PBXBuildFile; fileRef = 28B9330C289C99EA006F7268 /* InterpolatingInitialVelocity.swift */; };
		28B9330F289C9BAD006F7268 /* InterpolatingInitialVelocityNegative.swift in Sources */ = {isa = PBXBuildFile; fileRef = 28B9330E289C9BAD006F7268 /* InterpolatingInitialVelocityNegative.swift */; };
		28BC1F0B28949AC4002DA52D /* ValueIntroduction.swift in Sources */ = {isa = PBXBuildFile; fileRef = 28BC1F0A28949AC4002DA52D /* ValueIntroduction.swift */; };
		28BC1F0D28949CE8002DA52D /* ValueShowHideExample.swift in Sources */ = {isa = PBXBuildFile; fileRef = 28BC1F0C28949CE8002DA52D /* ValueShowHideExample.swift */; };
		28CD4FCB2882158500CE7415 /* AnimateSizeScaleEffect.swift in Sources */ = {isa = PBXBuildFile; fileRef = 28CD4FCA2882158500CE7415 /* AnimateSizeScaleEffect.swift */; };
		28D832012895220C0090E4CF /* SpringIntro.swift in Sources */ = {isa = PBXBuildFile; fileRef = 28D832002895220C0090E4CF /* SpringIntro.swift */; };
		28FDF666288B5DBB00A88420 /* DelayAnimations.swift in Sources */ = {isa = PBXBuildFile; fileRef = 28FDF665288B5DBB00A88420 /* DelayAnimations.swift */; };
		28FDF668288B624C00A88420 /* DelaySequenceAnimations.swift in Sources */ = {isa = PBXBuildFile; fileRef = 28FDF667288B624C00A88420 /* DelaySequenceAnimations.swift */; };
/* End PBXBuildFile section */

/* Begin PBXFileReference section */
		283441D9289F595000923E6C /* SpringOptionsSpeed.swift */ = {isa = PBXFileReference; lastKnownFileType = sourcecode.swift; path = SpringOptionsSpeed.swift; sourceTree = "<group>"; };
		283441DB289F5B1700923E6C /* SpringOptionsRepeating.swift */ = {isa = PBXFileReference; lastKnownFileType = sourcecode.swift; path = SpringOptionsRepeating.swift; sourceTree = "<group>"; };
		283441DD289F9F4800923E6C /* TransitionIntro.swift */ = {isa = PBXFileReference; lastKnownFileType = sourcecode.swift; path = TransitionIntro.swift; sourceTree = "<group>"; };
		283FCB4C28921E56005BD689 /* ScopeWithAnimation.swift */ = {isa = PBXFileReference; lastKnownFileType = sourcecode.swift; path = ScopeWithAnimation.swift; sourceTree = "<group>"; };
		283FCB4E289220EF005BD689 /* ScopeWithAnimationCustomAnimation.swift */ = {isa = PBXFileReference; lastKnownFileType = sourcecode.swift; path = ScopeWithAnimationCustomAnimation.swift; sourceTree = "<group>"; };
		284C5B9E28A0764E008AA9AF /* TransitionMove.swift */ = {isa = PBXFileReference; lastKnownFileType = sourcecode.swift; path = TransitionMove.swift; sourceTree = "<group>"; };
		284C5BA028A077B7008AA9AF /* TransitionOffset.swift */ = {isa = PBXFileReference; lastKnownFileType = sourcecode.swift; path = TransitionOffset.swift; sourceTree = "<group>"; };
		284C5BA228A07839008AA9AF /* TransitionOpacity.swift */ = {isa = PBXFileReference; lastKnownFileType = sourcecode.swift; path = TransitionOpacity.swift; sourceTree = "<group>"; };
		284C5BA428A078D9008AA9AF /* TransitionScale.swift */ = {isa = PBXFileReference; lastKnownFileType = sourcecode.swift; path = TransitionScale.swift; sourceTree = "<group>"; };
		284C5BA628A0794F008AA9AF /* TransitionSlide.swift */ = {isa = PBXFileReference; lastKnownFileType = sourcecode.swift; path = TransitionSlide.swift; sourceTree = "<group>"; };
		284C5BB328A0A81A008AA9AF /* CombiningIntro.swift */ = {isa = PBXFileReference; lastKnownFileType = sourcecode.swift; path = CombiningIntro.swift; sourceTree = "<group>"; };
		284C5BB628A0A9B2008AA9AF /* CombiningMoveAndScale.swift */ = {isa = PBXFileReference; lastKnownFileType = sourcecode.swift; path = CombiningMoveAndScale.swift; sourceTree = "<group>"; };
		284D9EFF2882613500D17F13 /* AnimateRectangle.swift */ = {isa = PBXFileReference; lastKnownFileType = sourcecode.swift; path = AnimateRectangle.swift; sourceTree = "<group>"; };
		284E2BEA288CD2EB00C108D5 /* RepeatingRepeatCount.swift */ = {isa = PBXFileReference; lastKnownFileType = sourcecode.swift; path = RepeatingRepeatCount.swift; sourceTree = "<group>"; };
		284E2BEC288CD6FB00C108D5 /* RepeatingRepeatCountAutoReverses.swift */ = {isa = PBXFileReference; lastKnownFileType = sourcecode.swift; path = RepeatingRepeatCountAutoReverses.swift; sourceTree = "<group>"; };
		284E2BEE288CD7F000C108D5 /* RepeatingRepeatForever.swift */ = {isa = PBXFileReference; lastKnownFileType = sourcecode.swift; path = RepeatingRepeatForever.swift; sourceTree = "<group>"; };
		284E2BF0288CD91600C108D5 /* RepeatingRepeatForeverAutoReverses.swift */ = {isa = PBXFileReference; lastKnownFileType = sourcecode.swift; path = RepeatingRepeatForeverAutoReverses.swift; sourceTree = "<group>"; };
		284E2BF2288CDA9000C108D5 /* RepeatingWithDelay.swift */ = {isa = PBXFileReference; lastKnownFileType = sourcecode.swift; path = RepeatingWithDelay.swift; sourceTree = "<group>"; };
		2853D80D288149F900E87B87 /* AnimateSizeFrame.swift */ = {isa = PBXFileReference; lastKnownFileType = sourcecode.swift; path = AnimateSizeFrame.swift; sourceTree = "<group>"; };
		285551B22894A7F00028CB07 /* TernaryCondition.swift */ = {isa = PBXFileReference; lastKnownFileType = sourcecode.swift; path = TernaryCondition.swift; sourceTree = "<group>"; };
		28555AFF289B584E00E5EB2D /* InterpolartingStiffness.swift */ = {isa = PBXFileReference; lastKnownFileType = sourcecode.swift; path = InterpolartingStiffness.swift; sourceTree = "<group>"; };
		28555B01289B5B0C00E5EB2D /* InterpolatingDamping.swift */ = {isa = PBXFileReference; lastKnownFileType = sourcecode.swift; path = InterpolatingDamping.swift; sourceTree = "<group>"; };
		28555B03289B5DD600E5EB2D /* InterpolatingCompareStiffnessDamping.swift */ = {isa = PBXFileReference; lastKnownFileType = sourcecode.swift; path = InterpolatingCompareStiffnessDamping.swift; sourceTree = "<group>"; };
		2856F5B1289F46FE00F20686 /* InterpolatingOverlapping.swift */ = {isa = PBXFileReference; lastKnownFileType = sourcecode.swift; path = InterpolatingOverlapping.swift; sourceTree = "<group>"; };
		2856F5B3289F4A9400F20686 /* SpringOptionsDelay.swift */ = {isa = PBXFileReference; lastKnownFileType = sourcecode.swift; path = SpringOptionsDelay.swift; sourceTree = "<group>"; };
		285817B82886557400DB0187 /* TriggerOnAppear.swift */ = {isa = PBXFileReference; lastKnownFileType = sourcecode.swift; path = TriggerOnAppear.swift; sourceTree = "<group>"; };
		285817BA2887979500DB0187 /* TriggerOnDisappear.swift */ = {isa = PBXFileReference; lastKnownFileType = sourcecode.swift; path = TriggerOnDisappear.swift; sourceTree = "<group>"; };
		2863211428920FAC00BEFA22 /* ScopeChangeSizeInParent.swift */ = {isa = PBXFileReference; lastKnownFileType = sourcecode.swift; path = ScopeChangeSizeInParent.swift; sourceTree = "<group>"; };
		286321162892142100BEFA22 /* ScopeDifferentAnimations.swift */ = {isa = PBXFileReference; lastKnownFileType = sourcecode.swift; path = ScopeDifferentAnimations.swift; sourceTree = "<group>"; };
		28632118289219DE00BEFA22 /* ScopeNoAnimation.swift */ = {isa = PBXFileReference; lastKnownFileType = sourcecode.swift; path = ScopeNoAnimation.swift; sourceTree = "<group>"; };
		286D5BF628822E4300736013 /* AnimateScaleEffectAnchors.swift */ = {isa = PBXFileReference; lastKnownFileType = sourcecode.swift; path = AnimateScaleEffectAnchors.swift; sourceTree = "<group>"; };
		286D5BF82882319700736013 /* AnimateRoundedCorners.swift */ = {isa = PBXFileReference; lastKnownFileType = sourcecode.swift; path = AnimateRoundedCorners.swift; sourceTree = "<group>"; };
		286D5BFA288233CD00736013 /* AnimateTextSize.swift */ = {isa = PBXFileReference; lastKnownFileType = sourcecode.swift; path = AnimateTextSize.swift; sourceTree = "<group>"; };
		286D5BFC2882355A00736013 /* AnimateTextSizeScaleEffect.swift */ = {isa = PBXFileReference; lastKnownFileType = sourcecode.swift; path = AnimateTextSizeScaleEffect.swift; sourceTree = "<group>"; };
		286D5BFE2882394C00736013 /* AnimateTextSizeScaleEffectSolution.swift */ = {isa = PBXFileReference; lastKnownFileType = sourcecode.swift; path = AnimateTextSizeScaleEffectSolution.swift; sourceTree = "<group>"; };
		286D5C0028825CEA00736013 /* AnimateTrim.swift */ = {isa = PBXFileReference; lastKnownFileType = sourcecode.swift; path = AnimateTrim.swift; sourceTree = "<group>"; };
		286DC4C82895F4E500BA3553 /* SpringDampen.swift */ = {isa = PBXFileReference; lastKnownFileType = sourcecode.swift; path = SpringDampen.swift; sourceTree = "<group>"; };
		286DC4CA2895F74E00BA3553 /* SpringResponse.swift */ = {isa = PBXFileReference; lastKnownFileType = sourcecode.swift; path = SpringResponse.swift; sourceTree = "<group>"; };
		286DC4CC289607AD00BA3553 /* SpringBlendDuration.swift */ = {isa = PBXFileReference; lastKnownFileType = sourcecode.swift; path = SpringBlendDuration.swift; sourceTree = "<group>"; };
		2873901C289494DB00F24BEA /* SpeedIntro.swift */ = {isa = PBXFileReference; lastKnownFileType = sourcecode.swift; path = SpeedIntro.swift; sourceTree = "<group>"; };
		2873A672287B9B6700401F74 /* SwiftUIAnimation.app */ = {isa = PBXFileReference; explicitFileType = wrapper.application; includeInIndex = 0; path = SwiftUIAnimation.app; sourceTree = BUILT_PRODUCTS_DIR; };
		2873A675287B9B6700401F74 /* SwiftUIAnimationApp.swift */ = {isa = PBXFileReference; lastKnownFileType = sourcecode.swift; path = SwiftUIAnimationApp.swift; sourceTree = "<group>"; };
		2873A677287B9B6700401F74 /* ContentView.swift */ = {isa = PBXFileReference; lastKnownFileType = sourcecode.swift; path = ContentView.swift; sourceTree = "<group>"; };
		2873A679287B9B6900401F74 /* Assets.xcassets */ = {isa = PBXFileReference; lastKnownFileType = folder.assetcatalog; path = Assets.xcassets; sourceTree = "<group>"; };
		2873A67C287B9B6900401F74 /* Preview Assets.xcassets */ = {isa = PBXFileReference; lastKnownFileType = folder.assetcatalog; path = "Preview Assets.xcassets"; sourceTree = "<group>"; };
		2873A683287BC6CF00401F74 /* Text+Extention.swift */ = {isa = PBXFileReference; lastKnownFileType = sourcecode.swift; path = "Text+Extention.swift"; sourceTree = "<group>"; };
		2873A685287D6B5500401F74 /* Animate_Huerotation.swift */ = {isa = PBXFileReference; lastKnownFileType = sourcecode.swift; path = Animate_Huerotation.swift; sourceTree = "<group>"; };
		2873A687287FB1E700401F74 /* OffsetAnimation.swift */ = {isa = PBXFileReference; lastKnownFileType = sourcecode.swift; path = OffsetAnimation.swift; sourceTree = "<group>"; };
		2873A689287FBCD100401F74 /* AnimateAlignment.swift */ = {isa = PBXFileReference; lastKnownFileType = sourcecode.swift; path = AnimateAlignment.swift; sourceTree = "<group>"; };
		2873A68B2880DA6100401F74 /* AnimateGeometryReader.swift */ = {isa = PBXFileReference; lastKnownFileType = sourcecode.swift; path = AnimateGeometryReader.swift; sourceTree = "<group>"; };
		28778672288E3A430089D12A /* ScopeSequenceOnSingleView.swift */ = {isa = PBXFileReference; lastKnownFileType = sourcecode.swift; path = ScopeSequenceOnSingleView.swift; sourceTree = "<group>"; };
		2880118E28863E180055CD0C /* TriggerSlider.swift */ = {isa = PBXFileReference; lastKnownFileType = sourcecode.swift; path = TriggerSlider.swift; sourceTree = "<group>"; };
		2880119028863FE40055CD0C /* TriggerStepper.swift */ = {isa = PBXFileReference; lastKnownFileType = sourcecode.swift; path = TriggerStepper.swift; sourceTree = "<group>"; };
		28801192288646850055CD0C /* TriggerToggle.swift */ = {isa = PBXFileReference; lastKnownFileType = sourcecode.swift; path = TriggerToggle.swift; sourceTree = "<group>"; };
		2880B9E228936479006AE531 /* ScopeNoWithAnimation.swift */ = {isa = PBXFileReference; lastKnownFileType = sourcecode.swift; path = ScopeNoWithAnimation.swift; sourceTree = "<group>"; };
		2880B9E428936B03006AE531 /* ScopeWithAnimationSequencingSameView.swift */ = {isa = PBXFileReference; lastKnownFileType = sourcecode.swift; path = ScopeWithAnimationSequencingSameView.swift; sourceTree = "<group>"; };
		28855E8D288E3E8200DEE800 /* ScopeParentAndChildren.swift */ = {isa = PBXFileReference; lastKnownFileType = sourcecode.swift; path = ScopeParentAndChildren.swift; sourceTree = "<group>"; };
		2887170D2888C90E0060AA1D /* TriggerGestureDrag.swift */ = {isa = PBXFileReference; lastKnownFileType = sourcecode.swift; path = TriggerGestureDrag.swift; sourceTree = "<group>"; };
		2887170F2888D3010060AA1D /* TriggerGestureLongPress.swift */ = {isa = PBXFileReference; lastKnownFileType = sourcecode.swift; path = TriggerGestureLongPress.swift; sourceTree = "<group>"; };
		288717112888D51B0060AA1D /* TriggerGestureTap.swift */ = {isa = PBXFileReference; lastKnownFileType = sourcecode.swift; path = TriggerGestureTap.swift; sourceTree = "<group>"; };
		288717132888D74E0060AA1D /* TriggerGestureMagnification.swift */ = {isa = PBXFileReference; lastKnownFileType = sourcecode.swift; path = TriggerGestureMagnification.swift; sourceTree = "<group>"; };
		288717152888DD7B0060AA1D /* TriggerGestureRotation.swift */ = {isa = PBXFileReference; lastKnownFileType = sourcecode.swift; path = TriggerGestureRotation.swift; sourceTree = "<group>"; };
		288717172888F0FA0060AA1D /* TriggerScrollLocation.swift */ = {isa = PBXFileReference; lastKnownFileType = sourcecode.swift; path = TriggerScrollLocation.swift; sourceTree = "<group>"; };
		28871733288A35FE0060AA1D /* TriggersShowPopup.swift */ = {isa = PBXFileReference; lastKnownFileType = sourcecode.swift; path = TriggersShowPopup.swift; sourceTree = "<group>"; };
		28871735288B51970060AA1D /* DurationParameter.swift */ = {isa = PBXFileReference; lastKnownFileType = sourcecode.swift; path = DurationParameter.swift; sourceTree = "<group>"; };
		28871737288B5B370060AA1D /* DurationLongExample.swift */ = {isa = PBXFileReference; lastKnownFileType = sourcecode.swift; path = DurationLongExample.swift; sourceTree = "<group>"; };
		2890D9EB2884F91D0089BA20 /* TriggerButton.swift */ = {isa = PBXFileReference; lastKnownFileType = sourcecode.swift; path = TriggerButton.swift; sourceTree = "<group>"; };
		289B5366288500AB003AE3D7 /* TriggerSegmentedControl.swift */ = {isa = PBXFileReference; lastKnownFileType = sourcecode.swift; path = TriggerSegmentedControl.swift; sourceTree = "<group>"; };
		289CFBBC2880E449006A4897 /* AnimateOpacity.swift */ = {isa = PBXFileReference; lastKnownFileType = sourcecode.swift; path = AnimateOpacity.swift; sourceTree = "<group>"; };
		289CFBBE288103AF006A4897 /* AnimateRotationEffect.swift */ = {isa = PBXFileReference; lastKnownFileType = sourcecode.swift; path = AnimateRotationEffect.swift; sourceTree = "<group>"; };
		289CFBC02881074C006A4897 /* AnimateRotationAnchor.swift */ = {isa = PBXFileReference; lastKnownFileType = sourcecode.swift; path = AnimateRotationAnchor.swift; sourceTree = "<group>"; };
		289EEC6B289225410083760D /* ScopeWithAnimationOnSingleView.swift */ = {isa = PBXFileReference; lastKnownFileType = sourcecode.swift; path = ScopeWithAnimationOnSingleView.swift; sourceTree = "<group>"; };
		289EEC6D289230A40083760D /* ScopeWithAnimationMultipleViews.swift */ = {isa = PBXFileReference; lastKnownFileType = sourcecode.swift; path = ScopeWithAnimationMultipleViews.swift; sourceTree = "<group>"; };
		289EEC6F289359070083760D /* ScopeWithAnimationSequencing.swift */ = {isa = PBXFileReference; lastKnownFileType = sourcecode.swift; path = ScopeWithAnimationSequencing.swift; sourceTree = "<group>"; };
		28B0B4B22897561400A99245 /* InteractiveComparison.swift */ = {isa = PBXFileReference; lastKnownFileType = sourcecode.swift; path = InteractiveComparison.swift; sourceTree = "<group>"; };
		28B0B4B4289758C800A99245 /* InteractivePopuo.swift */ = {isa = PBXFileReference; lastKnownFileType = sourcecode.swift; path = InteractivePopuo.swift; sourceTree = "<group>"; };
		28B9330A289C97DD006F7268 /* InterpolatingMass.swift */ = {isa = PBXFileReference; lastKnownFileType = sourcecode.swift; path = InterpolatingMass.swift; sourceTree = "<group>"; };
		28B9330C289C99EA006F7268 /* InterpolatingInitialVelocity.swift */ = {isa = PBXFileReference; lastKnownFileType = sourcecode.swift; path = InterpolatingInitialVelocity.swift; sourceTree = "<group>"; };
		28B9330E289C9BAD006F7268 /* InterpolatingInitialVelocityNegative.swift */ = {isa = PBXFileReference; lastKnownFileType = sourcecode.swift; path = InterpolatingInitialVelocityNegative.swift; sourceTree = "<group>"; };
		28BC1F0A28949AC4002DA52D /* ValueIntroduction.swift */ = {isa = PBXFileReference; lastKnownFileType = sourcecode.swift; path = ValueIntroduction.swift; sourceTree = "<group>"; };
		28BC1F0C28949CE8002DA52D /* ValueShowHideExample.swift */ = {isa = PBXFileReference; lastKnownFileType = sourcecode.swift; path = ValueShowHideExample.swift; sourceTree = "<group>"; };
		28CD4FCA2882158500CE7415 /* AnimateSizeScaleEffect.swift */ = {isa = PBXFileReference; lastKnownFileType = sourcecode.swift; path = AnimateSizeScaleEffect.swift; sourceTree = "<group>"; };
		28D832002895220C0090E4CF /* SpringIntro.swift */ = {isa = PBXFileReference; lastKnownFileType = sourcecode.swift; path = SpringIntro.swift; sourceTree = "<group>"; };
		28FDF665288B5DBB00A88420 /* DelayAnimations.swift */ = {isa = PBXFileReference; lastKnownFileType = sourcecode.swift; path = DelayAnimations.swift; sourceTree = "<group>"; };
		28FDF667288B624C00A88420 /* DelaySequenceAnimations.swift */ = {isa = PBXFileReference; lastKnownFileType = sourcecode.swift; path = DelaySequenceAnimations.swift; sourceTree = "<group>"; };
/* End PBXFileReference section */

/* Begin PBXFrameworksBuildPhase section */
		2873A66F287B9B6700401F74 /* Frameworks */ = {
			isa = PBXFrameworksBuildPhase;
			buildActionMask = 2147483647;
			files = (
			);
			runOnlyForDeploymentPostprocessing = 0;
		};
/* End PBXFrameworksBuildPhase section */

/* Begin PBXGroup section */
		284C5BAA28A0A574008AA9AF /* Transition */ = {
			isa = PBXGroup;
			children = (
				283441DD289F9F4800923E6C /* TransitionIntro.swift */,
				284C5B9E28A0764E008AA9AF /* TransitionMove.swift */,
				284C5BA028A077B7008AA9AF /* TransitionOffset.swift */,
				284C5BA228A07839008AA9AF /* TransitionOpacity.swift */,
				284C5BA428A078D9008AA9AF /* TransitionScale.swift */,
				284C5BA628A0794F008AA9AF /* TransitionSlide.swift */,
			);
			path = Transition;
			sourceTree = "<group>";
		};
		284C5BAB28A0A5B5008AA9AF /* Trigger */ = {
			isa = PBXGroup;
			children = (
				289B5366288500AB003AE3D7 /* TriggerSegmentedControl.swift */,
				2890D9EB2884F91D0089BA20 /* TriggerButton.swift */,
				2880118E28863E180055CD0C /* TriggerSlider.swift */,
				285817BA2887979500DB0187 /* TriggerOnDisappear.swift */,
				285817B82886557400DB0187 /* TriggerOnAppear.swift */,
				2880119028863FE40055CD0C /* TriggerStepper.swift */,
				28801192288646850055CD0C /* TriggerToggle.swift */,
				2887170D2888C90E0060AA1D /* TriggerGestureDrag.swift */,
				2887170F2888D3010060AA1D /* TriggerGestureLongPress.swift */,
				288717112888D51B0060AA1D /* TriggerGestureTap.swift */,
				288717132888D74E0060AA1D /* TriggerGestureMagnification.swift */,
				288717152888DD7B0060AA1D /* TriggerGestureRotation.swift */,
				288717172888F0FA0060AA1D /* TriggerScrollLocation.swift */,
				28871733288A35FE0060AA1D /* TriggersShowPopup.swift */,
			);
			path = Trigger;
			sourceTree = "<group>";
		};
		284C5BAC28A0A5F5008AA9AF /* Spring */ = {
			isa = PBXGroup;
			children = (
				28D832002895220C0090E4CF /* SpringIntro.swift */,
				286DC4C82895F4E500BA3553 /* SpringDampen.swift */,
				286DC4CA2895F74E00BA3553 /* SpringResponse.swift */,
				286DC4CC289607AD00BA3553 /* SpringBlendDuration.swift */,
				283441D9289F595000923E6C /* SpringOptionsSpeed.swift */,
				283441DB289F5B1700923E6C /* SpringOptionsRepeating.swift */,
				2856F5B3289F4A9400F20686 /* SpringOptionsDelay.swift */,
			);
			path = Spring;
			sourceTree = "<group>";
		};
		284C5BAD28A0A629008AA9AF /* Interpolating */ = {
			isa = PBXGroup;
			children = (
				28555AFF289B584E00E5EB2D /* InterpolartingStiffness.swift */,
				2856F5B1289F46FE00F20686 /* InterpolatingOverlapping.swift */,
				28B9330A289C97DD006F7268 /* InterpolatingMass.swift */,
				28B9330C289C99EA006F7268 /* InterpolatingInitialVelocity.swift */,
				28B9330E289C9BAD006F7268 /* InterpolatingInitialVelocityNegative.swift */,
				28555B01289B5B0C00E5EB2D /* InterpolatingDamping.swift */,
				28555B03289B5DD600E5EB2D /* InterpolatingCompareStiffnessDamping.swift */,
			);
			path = Interpolating;
			sourceTree = "<group>";
		};
		284C5BAE28A0A64D008AA9AF /* Repeating */ = {
			isa = PBXGroup;
			children = (
				284E2BEA288CD2EB00C108D5 /* RepeatingRepeatCount.swift */,
				284E2BEC288CD6FB00C108D5 /* RepeatingRepeatCountAutoReverses.swift */,
				284E2BEE288CD7F000C108D5 /* RepeatingRepeatForever.swift */,
				284E2BF0288CD91600C108D5 /* RepeatingRepeatForeverAutoReverses.swift */,
				284E2BF2288CDA9000C108D5 /* RepeatingWithDelay.swift */,
			);
			path = Repeating;
			sourceTree = "<group>";
		};
		284C5BAF28A0A663008AA9AF /* Scope */ = {
			isa = PBXGroup;
			children = (
				2880B9E228936479006AE531 /* ScopeNoWithAnimation.swift */,
				2880B9E428936B03006AE531 /* ScopeWithAnimationSequencingSameView.swift */,
				28778672288E3A430089D12A /* ScopeSequenceOnSingleView.swift */,
				28855E8D288E3E8200DEE800 /* ScopeParentAndChildren.swift */,
				2863211428920FAC00BEFA22 /* ScopeChangeSizeInParent.swift */,
				286321162892142100BEFA22 /* ScopeDifferentAnimations.swift */,
				28632118289219DE00BEFA22 /* ScopeNoAnimation.swift */,
				283FCB4C28921E56005BD689 /* ScopeWithAnimation.swift */,
				283FCB4E289220EF005BD689 /* ScopeWithAnimationCustomAnimation.swift */,
				289EEC6B289225410083760D /* ScopeWithAnimationOnSingleView.swift */,
				289EEC6D289230A40083760D /* ScopeWithAnimationMultipleViews.swift */,
				289EEC6F289359070083760D /* ScopeWithAnimationSequencing.swift */,
			);
			path = Scope;
			sourceTree = "<group>";
		};
		284C5BB028A0A69A008AA9AF /* Duration */ = {
			isa = PBXGroup;
			children = (
				28871735288B51970060AA1D /* DurationParameter.swift */,
				28871737288B5B370060AA1D /* DurationLongExample.swift */,
			);
			path = Duration;
			sourceTree = "<group>";
		};
		284C5BB128A0A6A7008AA9AF /* Delay */ = {
			isa = PBXGroup;
			children = (
				28FDF665288B5DBB00A88420 /* DelayAnimations.swift */,
				28FDF667288B624C00A88420 /* DelaySequenceAnimations.swift */,
			);
			path = Delay;
			sourceTree = "<group>";
		};
		284C5BB228A0A6CF008AA9AF /* Animate */ = {
			isa = PBXGroup;
			children = (
				2873A687287FB1E700401F74 /* OffsetAnimation.swift */,
				2873A689287FBCD100401F74 /* AnimateAlignment.swift */,
				2873A68B2880DA6100401F74 /* AnimateGeometryReader.swift */,
				289CFBBC2880E449006A4897 /* AnimateOpacity.swift */,
				2873A685287D6B5500401F74 /* Animate_Huerotation.swift */,
				289CFBBE288103AF006A4897 /* AnimateRotationEffect.swift */,
				289CFBC02881074C006A4897 /* AnimateRotationAnchor.swift */,
				2853D80D288149F900E87B87 /* AnimateSizeFrame.swift */,
				28CD4FCA2882158500CE7415 /* AnimateSizeScaleEffect.swift */,
				286D5BF628822E4300736013 /* AnimateScaleEffectAnchors.swift */,
				286D5BF82882319700736013 /* AnimateRoundedCorners.swift */,
				286D5BFA288233CD00736013 /* AnimateTextSize.swift */,
				286D5BFC2882355A00736013 /* AnimateTextSizeScaleEffect.swift */,
				286D5BFE2882394C00736013 /* AnimateTextSizeScaleEffectSolution.swift */,
				284D9EFF2882613500D17F13 /* AnimateRectangle.swift */,
				286D5C0028825CEA00736013 /* AnimateTrim.swift */,
			);
			path = Animate;
			sourceTree = "<group>";
		};
		284C5BB528A0A92A008AA9AF /* Combining */ = {
			isa = PBXGroup;
			children = (
				284C5BB328A0A81A008AA9AF /* CombiningIntro.swift */,
				284C5BB628A0A9B2008AA9AF /* CombiningMoveAndScale.swift */,
			);
			path = Combining;
			sourceTree = "<group>";
		};
		2873A669287B9B6700401F74 = {
			isa = PBXGroup;
			children = (
				2873A674287B9B6700401F74 /* SwiftUIAnimation */,
				2873A673287B9B6700401F74 /* Products */,
			);
			sourceTree = "<group>";
		};
		2873A673287B9B6700401F74 /* Products */ = {
			isa = PBXGroup;
			children = (
				2873A672287B9B6700401F74 /* SwiftUIAnimation.app */,
			);
			name = Products;
			sourceTree = "<group>";
		};
		2873A674287B9B6700401F74 /* SwiftUIAnimation */ = {
			isa = PBXGroup;
			children = (
				2873A675287B9B6700401F74 /* SwiftUIAnimationApp.swift */,
				284C5BB528A0A92A008AA9AF /* Combining */,
				284C5BB228A0A6CF008AA9AF /* Animate */,
				284C5BAF28A0A663008AA9AF /* Scope */,
				284C5BAE28A0A64D008AA9AF /* Repeating */,
				284C5BAD28A0A629008AA9AF /* Interpolating */,
				284C5BAC28A0A5F5008AA9AF /* Spring */,
				284C5BAB28A0A5B5008AA9AF /* Trigger */,
				284C5BAA28A0A574008AA9AF /* Transition */,
				2873A677287B9B6700401F74 /* ContentView.swift */,
				2873A683287BC6CF00401F74 /* Text+Extention.swift */,
				284C5BB028A0A69A008AA9AF /* Duration */,
				284C5BB128A0A6A7008AA9AF /* Delay */,
				2873901C289494DB00F24BEA /* SpeedIntro.swift */,
				28BC1F0A28949AC4002DA52D /* ValueIntroduction.swift */,
				28BC1F0C28949CE8002DA52D /* ValueShowHideExample.swift */,
				28B0B4B22897561400A99245 /* InteractiveComparison.swift */,
				28B0B4B4289758C800A99245 /* InteractivePopuo.swift */,
				285551B22894A7F00028CB07 /* TernaryCondition.swift */,
				2873A679287B9B6900401F74 /* Assets.xcassets */,
				2873A67B287B9B6900401F74 /* Preview Content */,
			);
			path = SwiftUIAnimation;
			sourceTree = "<group>";
		};
		2873A67B287B9B6900401F74 /* Preview Content */ = {
			isa = PBXGroup;
			children = (
				2873A67C287B9B6900401F74 /* Preview Assets.xcassets */,
			);
			path = "Preview Content";
			sourceTree = "<group>";
		};
/* End PBXGroup section */

/* Begin PBXNativeTarget section */
		2873A671287B9B6700401F74 /* SwiftUIAnimation */ = {
			isa = PBXNativeTarget;
			buildConfigurationList = 2873A680287B9B6900401F74 /* Build configuration list for PBXNativeTarget "SwiftUIAnimation" */;
			buildPhases = (
				2873A66E287B9B6700401F74 /* Sources */,
				2873A66F287B9B6700401F74 /* Frameworks */,
				2873A670287B9B6700401F74 /* Resources */,
			);
			buildRules = (
			);
			dependencies = (
			);
			name = SwiftUIAnimation;
			productName = SwiftUIAnimation;
			productReference = 2873A672287B9B6700401F74 /* SwiftUIAnimation.app */;
			productType = "com.apple.product-type.application";
		};
/* End PBXNativeTarget section */

/* Begin PBXProject section */
		2873A66A287B9B6700401F74 /* Project object */ = {
			isa = PBXProject;
			attributes = {
				BuildIndependentTargetsInParallel = 1;
				LastSwiftUpdateCheck = 1400;
				LastUpgradeCheck = 1400;
				TargetAttributes = {
					2873A671287B9B6700401F74 = {
						CreatedOnToolsVersion = 14.0;
					};
				};
			};
			buildConfigurationList = 2873A66D287B9B6700401F74 /* Build configuration list for PBXProject "SwiftUIAnimation" */;
			compatibilityVersion = "Xcode 14.0";
			developmentRegion = en;
			hasScannedForEncodings = 0;
			knownRegions = (
				en,
				Base,
			);
			mainGroup = 2873A669287B9B6700401F74;
			productRefGroup = 2873A673287B9B6700401F74 /* Products */;
			projectDirPath = "";
			projectRoot = "";
			targets = (
				2873A671287B9B6700401F74 /* SwiftUIAnimation */,
			);
		};
/* End PBXProject section */

/* Begin PBXResourcesBuildPhase section */
		2873A670287B9B6700401F74 /* Resources */ = {
			isa = PBXResourcesBuildPhase;
			buildActionMask = 2147483647;
			files = (
				2873A67D287B9B6900401F74 /* Preview Assets.xcassets in Resources */,
				2873A67A287B9B6900401F74 /* Assets.xcassets in Resources */,
			);
			runOnlyForDeploymentPostprocessing = 0;
		};
/* End PBXResourcesBuildPhase section */

/* Begin PBXSourcesBuildPhase section */
		2873A66E287B9B6700401F74 /* Sources */ = {
			isa = PBXSourcesBuildPhase;
			buildActionMask = 2147483647;
			files = (
				2873A686287D6B5500401F74 /* Animate_Huerotation.swift in Sources */,
				28BC1F0B28949AC4002DA52D /* ValueIntroduction.swift in Sources */,
				28B0B4B5289758C800A99245 /* InteractivePopuo.swift in Sources */,
				288717122888D51C0060AA1D /* TriggerGestureTap.swift in Sources */,
				2880119128863FE40055CD0C /* TriggerStepper.swift in Sources */,
				284E2BED288CD6FB00C108D5 /* RepeatingRepeatCountAutoReverses.swift in Sources */,
				286D5C0128825CEA00736013 /* AnimateTrim.swift in Sources */,
				285817BB2887979500DB0187 /* TriggerOnDisappear.swift in Sources */,
				2890D9EC2884F91D0089BA20 /* TriggerButton.swift in Sources */,
				2873A684287BC6CF00401F74 /* Text+Extention.swift in Sources */,
				2863211528920FAC00BEFA22 /* ScopeChangeSizeInParent.swift in Sources */,
				283FCB4D28921E56005BD689 /* ScopeWithAnimation.swift in Sources */,
				284C5BA728A0794F008AA9AF /* TransitionSlide.swift in Sources */,
				288717162888DD7B0060AA1D /* TriggerGestureRotation.swift in Sources */,
				284D9F002882613500D17F13 /* AnimateRectangle.swift in Sources */,
				289B5367288500AB003AE3D7 /* TriggerSegmentedControl.swift in Sources */,
				283441DA289F595000923E6C /* SpringOptionsSpeed.swift in Sources */,
				28CD4FCB2882158500CE7415 /* AnimateSizeScaleEffect.swift in Sources */,
				28871736288B51970060AA1D /* DurationParameter.swift in Sources */,
				288717142888D74E0060AA1D /* TriggerGestureMagnification.swift in Sources */,
				285551B32894A7F00028CB07 /* TernaryCondition.swift in Sources */,
				2873A678287B9B6700401F74 /* ContentView.swift in Sources */,
				2873A68C2880DA6100401F74 /* AnimateGeometryReader.swift in Sources */,
				2873901D289494DB00F24BEA /* SpeedIntro.swift in Sources */,
				28632119289219DE00BEFA22 /* ScopeNoAnimation.swift in Sources */,
				2873A68A287FBCD100401F74 /* AnimateAlignment.swift in Sources */,
				283441DC289F5B1700923E6C /* SpringOptionsRepeating.swift in Sources */,
				283FCB4F289220EF005BD689 /* ScopeWithAnimationCustomAnimation.swift in Sources */,
				28871734288A35FE0060AA1D /* TriggersShowPopup.swift in Sources */,
				286DC4C92895F4E500BA3553 /* SpringDampen.swift in Sources */,
				28555B02289B5B0C00E5EB2D /* InterpolatingDamping.swift in Sources */,
				288717102888D3010060AA1D /* TriggerGestureLongPress.swift in Sources */,
				28B0B4B32897561400A99245 /* InteractiveComparison.swift in Sources */,
				284E2BF3288CDA9000C108D5 /* RepeatingWithDelay.swift in Sources */,
				284C5B9F28A0764E008AA9AF /* TransitionMove.swift in Sources */,
				284C5BA128A077B7008AA9AF /* TransitionOffset.swift in Sources */,
				2873A688287FB1E700401F74 /* OffsetAnimation.swift in Sources */,
				2880118F28863E180055CD0C /* TriggerSlider.swift in Sources */,
				286DC4CD289607AD00BA3553 /* SpringBlendDuration.swift in Sources */,
				288717182888F0FA0060AA1D /* TriggerScrollLocation.swift in Sources */,
				2853D80E288149F900E87B87 /* AnimateSizeFrame.swift in Sources */,
				2880B9E528936B03006AE531 /* ScopeWithAnimationSequencingSameView.swift in Sources */,
				28555B00289B584E00E5EB2D /* InterpolartingStiffness.swift in Sources */,
				286D5BF92882319700736013 /* AnimateRoundedCorners.swift in Sources */,
				28555B04289B5DD600E5EB2D /* InterpolatingCompareStiffnessDamping.swift in Sources */,
				284C5BA328A07839008AA9AF /* TransitionOpacity.swift in Sources */,
				286D5BFB288233CD00736013 /* AnimateTextSize.swift in Sources */,
				284C5BA528A078D9008AA9AF /* TransitionScale.swift in Sources */,
				2856F5B4289F4A9400F20686 /* SpringOptionsDelay.swift in Sources */,
				28BC1F0D28949CE8002DA52D /* ValueShowHideExample.swift in Sources */,
				28B9330B289C97DD006F7268 /* InterpolatingMass.swift in Sources */,
				289CFBC12881074C006A4897 /* AnimateRotationAnchor.swift in Sources */,
				28871738288B5B370060AA1D /* DurationLongExample.swift in Sources */,
				284E2BF1288CD91600C108D5 /* RepeatingRepeatForeverAutoReverses.swift in Sources */,
				289CFBBF288103AF006A4897 /* AnimateRotationEffect.swift in Sources */,
				286DC4CB2895F74E00BA3553 /* SpringResponse.swift in Sources */,
				284C5BB728A0A9B2008AA9AF /* CombiningMoveAndScale.swift in Sources */,
				285817B92886557400DB0187 /* TriggerOnAppear.swift in Sources */,
				2887170E2888C90E0060AA1D /* TriggerGestureDrag.swift in Sources */,
				2873A676287B9B6700401F74 /* SwiftUIAnimationApp.swift in Sources */,
				2880B9E328936479006AE531 /* ScopeNoWithAnimation.swift in Sources */,
				284E2BEB288CD2EB00C108D5 /* RepeatingRepeatCount.swift in Sources */,
				28B9330F289C9BAD006F7268 /* InterpolatingInitialVelocityNegative.swift in Sources */,
				284E2BEF288CD7F000C108D5 /* RepeatingRepeatForever.swift in Sources */,
				28778673288E3A430089D12A /* ScopeSequenceOnSingleView.swift in Sources */,
				28FDF666288B5DBB00A88420 /* DelayAnimations.swift in Sources */,
				289EEC70289359070083760D /* ScopeWithAnimationSequencing.swift in Sources */,
				286D5BFF2882394C00736013 /* AnimateTextSizeScaleEffectSolution.swift in Sources */,
				28801193288646850055CD0C /* TriggerToggle.swift in Sources */,
				28D832012895220C0090E4CF /* SpringIntro.swift in Sources */,
				28855E8E288E3E8200DEE800 /* ScopeParentAndChildren.swift in Sources */,
				28B9330D289C99EA006F7268 /* InterpolatingInitialVelocity.swift in Sources */,
				28FDF668288B624C00A88420 /* DelaySequenceAnimations.swift in Sources */,
				289CFBBD2880E449006A4897 /* AnimateOpacity.swift in Sources */,
				286D5BFD2882355A00736013 /* AnimateTextSizeScaleEffect.swift in Sources */,
				289EEC6C289225410083760D /* ScopeWithAnimationOnSingleView.swift in Sources */,
				286D5BF728822E4300736013 /* AnimateScaleEffectAnchors.swift in Sources */,
				286321172892142100BEFA22 /* ScopeDifferentAnimations.swift in Sources */,
				284C5BB428A0A81A008AA9AF /* CombiningIntro.swift in Sources */,
				2856F5B2289F46FE00F20686 /* InterpolatingOverlapping.swift in Sources */,
				289EEC6E289230A40083760D /* ScopeWithAnimationMultipleViews.swift in Sources */,
				283441DE289F9F4800923E6C /* TransitionIntro.swift in Sources */,
			);
			runOnlyForDeploymentPostprocessing = 0;
		};
/* End PBXSourcesBuildPhase section */

/* Begin XCBuildConfiguration section */
		2873A67E287B9B6900401F74 /* Debug */ = {
			isa = XCBuildConfiguration;
			buildSettings = {
				ALWAYS_SEARCH_USER_PATHS = NO;
				CLANG_ANALYZER_NONNULL = YES;
				CLANG_ANALYZER_NUMBER_OBJECT_CONVERSION = YES_AGGRESSIVE;
				CLANG_CXX_LANGUAGE_STANDARD = "gnu++20";
				CLANG_ENABLE_MODULES = YES;
				CLANG_ENABLE_OBJC_ARC = YES;
				CLANG_ENABLE_OBJC_WEAK = YES;
				CLANG_WARN_BLOCK_CAPTURE_AUTORELEASING = YES;
				CLANG_WARN_BOOL_CONVERSION = YES;
				CLANG_WARN_COMMA = YES;
				CLANG_WARN_CONSTANT_CONVERSION = YES;
				CLANG_WARN_DEPRECATED_OBJC_IMPLEMENTATIONS = YES;
				CLANG_WARN_DIRECT_OBJC_ISA_USAGE = YES_ERROR;
				CLANG_WARN_DOCUMENTATION_COMMENTS = YES;
				CLANG_WARN_EMPTY_BODY = YES;
				CLANG_WARN_ENUM_CONVERSION = YES;
				CLANG_WARN_INFINITE_RECURSION = YES;
				CLANG_WARN_INT_CONVERSION = YES;
				CLANG_WARN_NON_LITERAL_NULL_CONVERSION = YES;
				CLANG_WARN_OBJC_IMPLICIT_RETAIN_SELF = YES;
				CLANG_WARN_OBJC_LITERAL_CONVERSION = YES;
				CLANG_WARN_OBJC_ROOT_CLASS = YES_ERROR;
				CLANG_WARN_QUOTED_INCLUDE_IN_FRAMEWORK_HEADER = YES;
				CLANG_WARN_RANGE_LOOP_ANALYSIS = YES;
				CLANG_WARN_STRICT_PROTOTYPES = YES;
				CLANG_WARN_SUSPICIOUS_MOVE = YES;
				CLANG_WARN_UNGUARDED_AVAILABILITY = YES_AGGRESSIVE;
				CLANG_WARN_UNREACHABLE_CODE = YES;
				CLANG_WARN__DUPLICATE_METHOD_MATCH = YES;
				COPY_PHASE_STRIP = NO;
				DEBUG_INFORMATION_FORMAT = dwarf;
				ENABLE_STRICT_OBJC_MSGSEND = YES;
				ENABLE_TESTABILITY = YES;
				GCC_C_LANGUAGE_STANDARD = gnu11;
				GCC_DYNAMIC_NO_PIC = NO;
				GCC_NO_COMMON_BLOCKS = YES;
				GCC_OPTIMIZATION_LEVEL = 0;
				GCC_PREPROCESSOR_DEFINITIONS = (
					"DEBUG=1",
					"$(inherited)",
				);
				GCC_WARN_64_TO_32_BIT_CONVERSION = YES;
				GCC_WARN_ABOUT_RETURN_TYPE = YES_ERROR;
				GCC_WARN_UNDECLARED_SELECTOR = YES;
				GCC_WARN_UNINITIALIZED_AUTOS = YES_AGGRESSIVE;
				GCC_WARN_UNUSED_FUNCTION = YES;
				GCC_WARN_UNUSED_VARIABLE = YES;
				IPHONEOS_DEPLOYMENT_TARGET = 16.0;
				MTL_ENABLE_DEBUG_INFO = INCLUDE_SOURCE;
				MTL_FAST_MATH = YES;
				ONLY_ACTIVE_ARCH = YES;
				SDKROOT = iphoneos;
				SWIFT_ACTIVE_COMPILATION_CONDITIONS = DEBUG;
				SWIFT_OPTIMIZATION_LEVEL = "-Onone";
			};
			name = Debug;
		};
		2873A67F287B9B6900401F74 /* Release */ = {
			isa = XCBuildConfiguration;
			buildSettings = {
				ALWAYS_SEARCH_USER_PATHS = NO;
				CLANG_ANALYZER_NONNULL = YES;
				CLANG_ANALYZER_NUMBER_OBJECT_CONVERSION = YES_AGGRESSIVE;
				CLANG_CXX_LANGUAGE_STANDARD = "gnu++20";
				CLANG_ENABLE_MODULES = YES;
				CLANG_ENABLE_OBJC_ARC = YES;
				CLANG_ENABLE_OBJC_WEAK = YES;
				CLANG_WARN_BLOCK_CAPTURE_AUTORELEASING = YES;
				CLANG_WARN_BOOL_CONVERSION = YES;
				CLANG_WARN_COMMA = YES;
				CLANG_WARN_CONSTANT_CONVERSION = YES;
				CLANG_WARN_DEPRECATED_OBJC_IMPLEMENTATIONS = YES;
				CLANG_WARN_DIRECT_OBJC_ISA_USAGE = YES_ERROR;
				CLANG_WARN_DOCUMENTATION_COMMENTS = YES;
				CLANG_WARN_EMPTY_BODY = YES;
				CLANG_WARN_ENUM_CONVERSION = YES;
				CLANG_WARN_INFINITE_RECURSION = YES;
				CLANG_WARN_INT_CONVERSION = YES;
				CLANG_WARN_NON_LITERAL_NULL_CONVERSION = YES;
				CLANG_WARN_OBJC_IMPLICIT_RETAIN_SELF = YES;
				CLANG_WARN_OBJC_LITERAL_CONVERSION = YES;
				CLANG_WARN_OBJC_ROOT_CLASS = YES_ERROR;
				CLANG_WARN_QUOTED_INCLUDE_IN_FRAMEWORK_HEADER = YES;
				CLANG_WARN_RANGE_LOOP_ANALYSIS = YES;
				CLANG_WARN_STRICT_PROTOTYPES = YES;
				CLANG_WARN_SUSPICIOUS_MOVE = YES;
				CLANG_WARN_UNGUARDED_AVAILABILITY = YES_AGGRESSIVE;
				CLANG_WARN_UNREACHABLE_CODE = YES;
				CLANG_WARN__DUPLICATE_METHOD_MATCH = YES;
				COPY_PHASE_STRIP = NO;
				DEBUG_INFORMATION_FORMAT = "dwarf-with-dsym";
				ENABLE_NS_ASSERTIONS = NO;
				ENABLE_STRICT_OBJC_MSGSEND = YES;
				GCC_C_LANGUAGE_STANDARD = gnu11;
				GCC_NO_COMMON_BLOCKS = YES;
				GCC_WARN_64_TO_32_BIT_CONVERSION = YES;
				GCC_WARN_ABOUT_RETURN_TYPE = YES_ERROR;
				GCC_WARN_UNDECLARED_SELECTOR = YES;
				GCC_WARN_UNINITIALIZED_AUTOS = YES_AGGRESSIVE;
				GCC_WARN_UNUSED_FUNCTION = YES;
				GCC_WARN_UNUSED_VARIABLE = YES;
				IPHONEOS_DEPLOYMENT_TARGET = 16.0;
				MTL_ENABLE_DEBUG_INFO = NO;
				MTL_FAST_MATH = YES;
				SDKROOT = iphoneos;
				SWIFT_COMPILATION_MODE = wholemodule;
				SWIFT_OPTIMIZATION_LEVEL = "-O";
				VALIDATE_PRODUCT = YES;
			};
			name = Release;
		};
		2873A681287B9B6900401F74 /* Debug */ = {
			isa = XCBuildConfiguration;
			buildSettings = {
				ASSETCATALOG_COMPILER_APPICON_NAME = AppIcon;
				ASSETCATALOG_COMPILER_GLOBAL_ACCENT_COLOR_NAME = AccentColor;
				CODE_SIGN_STYLE = Automatic;
				CURRENT_PROJECT_VERSION = 1;
				DEVELOPMENT_ASSET_PATHS = "\"SwiftUIAnimation/Preview Content\"";
				DEVELOPMENT_TEAM = UN432L4MFG;
				ENABLE_PREVIEWS = YES;
				GENERATE_INFOPLIST_FILE = YES;
				INFOPLIST_KEY_UIApplicationSceneManifest_Generation = YES;
				INFOPLIST_KEY_UIApplicationSupportsIndirectInputEvents = YES;
				INFOPLIST_KEY_UILaunchScreen_Generation = YES;
				INFOPLIST_KEY_UISupportedInterfaceOrientations = UIInterfaceOrientationPortrait;
				LD_RUNPATH_SEARCH_PATHS = (
					"$(inherited)",
					"@executable_path/Frameworks",
				);
				MARKETING_VERSION = 1.0;
				PRODUCT_BUNDLE_IDENTIFIER = VZ.SwiftUIAnimation;
				PRODUCT_NAME = "$(TARGET_NAME)";
				SWIFT_EMIT_LOC_STRINGS = YES;
				SWIFT_VERSION = 5.0;
				TARGETED_DEVICE_FAMILY = "1,2";
			};
			name = Debug;
		};
		2873A682287B9B6900401F74 /* Release */ = {
			isa = XCBuildConfiguration;
			buildSettings = {
				ASSETCATALOG_COMPILER_APPICON_NAME = AppIcon;
				ASSETCATALOG_COMPILER_GLOBAL_ACCENT_COLOR_NAME = AccentColor;
				CODE_SIGN_STYLE = Automatic;
				CURRENT_PROJECT_VERSION = 1;
				DEVELOPMENT_ASSET_PATHS = "\"SwiftUIAnimation/Preview Content\"";
				DEVELOPMENT_TEAM = UN432L4MFG;
				ENABLE_PREVIEWS = YES;
				GENERATE_INFOPLIST_FILE = YES;
				INFOPLIST_KEY_UIApplicationSceneManifest_Generation = YES;
				INFOPLIST_KEY_UIApplicationSupportsIndirectInputEvents = YES;
				INFOPLIST_KEY_UILaunchScreen_Generation = YES;
				INFOPLIST_KEY_UISupportedInterfaceOrientations = UIInterfaceOrientationPortrait;
				LD_RUNPATH_SEARCH_PATHS = (
					"$(inherited)",
					"@executable_path/Frameworks",
				);
				MARKETING_VERSION = 1.0;
				PRODUCT_BUNDLE_IDENTIFIER = VZ.SwiftUIAnimation;
				PRODUCT_NAME = "$(TARGET_NAME)";
				SWIFT_EMIT_LOC_STRINGS = YES;
				SWIFT_VERSION = 5.0;
				TARGETED_DEVICE_FAMILY = "1,2";
			};
			name = Release;
		};
/* End XCBuildConfiguration section */

/* Begin XCConfigurationList section */
		2873A66D287B9B6700401F74 /* Build configuration list for PBXProject "SwiftUIAnimation" */ = {
			isa = XCConfigurationList;
			buildConfigurations = (
				2873A67E287B9B6900401F74 /* Debug */,
				2873A67F287B9B6900401F74 /* Release */,
			);
			defaultConfigurationIsVisible = 0;
			defaultConfigurationName = Release;
		};
		2873A680287B9B6900401F74 /* Build configuration list for PBXNativeTarget "SwiftUIAnimation" */ = {
			isa = XCConfigurationList;
			buildConfigurations = (
				2873A681287B9B6900401F74 /* Debug */,
				2873A682287B9B6900401F74 /* Release */,
			);
			defaultConfigurationIsVisible = 0;
			defaultConfigurationName = Release;
		};
/* End XCConfigurationList section */
	};
	rootObject = 2873A66A287B9B6700401F74 /* Project object */;
}
