// !$*UTF8*$!
{
	archiveVersion = 1;
	classes = {
	};
	objectVersion = 56;
	objects = {

/* Begin PBXBuildFile section */
		284D9F002882613500D17F13 /* AnimateRectangle.swift in Sources */ = {isa = PBXBuildFile; fileRef = 284D9EFF2882613500D17F13 /* AnimateRectangle.swift */; };
		2853D80E288149F900E87B87 /* AnimateSizeFrame.swift in Sources */ = {isa = PBXBuildFile; fileRef = 2853D80D288149F900E87B87 /* AnimateSizeFrame.swift */; };
		286D5BF728822E4300736013 /* AnimateScaleEffectAnchors.swift in Sources */ = {isa = PBXBuildFile; fileRef = 286D5BF628822E4300736013 /* AnimateScaleEffectAnchors.swift */; };
		286D5BF92882319700736013 /* AnimateRoundedCorners.swift in Sources */ = {isa = PBXBuildFile; fileRef = 286D5BF82882319700736013 /* AnimateRoundedCorners.swift */; };
		286D5BFB288233CD00736013 /* AnimateTextSize.swift in Sources */ = {isa = PBXBuildFile; fileRef = 286D5BFA288233CD00736013 /* AnimateTextSize.swift */; };
		286D5BFD2882355A00736013 /* AnimateTextSizeScaleEffect.swift in Sources */ = {isa = PBXBuildFile; fileRef = 286D5BFC2882355A00736013 /* AnimateTextSizeScaleEffect.swift */; };
		286D5BFF2882394C00736013 /* AnimateTextSizeScaleEffectSolution.swift in Sources */ = {isa = PBXBuildFile; fileRef = 286D5BFE2882394C00736013 /* AnimateTextSizeScaleEffectSolution.swift */; };
		286D5C0128825CEA00736013 /* AnimateTrim.swift in Sources */ = {isa = PBXBuildFile; fileRef = 286D5C0028825CEA00736013 /* AnimateTrim.swift */; };
		2873A676287B9B6700401F74 /* SwiftUIAnimationApp.swift in Sources */ = {isa = PBXBuildFile; fileRef = 2873A675287B9B6700401F74 /* SwiftUIAnimationApp.swift */; };
		2873A678287B9B6700401F74 /* ContentView.swift in Sources */ = {isa = PBXBuildFile; fileRef = 2873A677287B9B6700401F74 /* ContentView.swift */; };
		2873A67A287B9B6900401F74 /* Assets.xcassets in Resources */ = {isa = PBXBuildFile; fileRef = 2873A679287B9B6900401F74 /* Assets.xcassets */; };
		2873A67D287B9B6900401F74 /* Preview Assets.xcassets in Resources */ = {isa = PBXBuildFile; fileRef = 2873A67C287B9B6900401F74 /* Preview Assets.xcassets */; };
		2873A684287BC6CF00401F74 /* Text+Extention.swift in Sources */ = {isa = PBXBuildFile; fileRef = 2873A683287BC6CF00401F74 /* Text+Extention.swift */; };
		2873A686287D6B5500401F74 /* Animate_Huerotation.swift in Sources */ = {isa = PBXBuildFile; fileRef = 2873A685287D6B5500401F74 /* Animate_Huerotation.swift */; };
		2873A688287FB1E700401F74 /* OffsetAnimation.swift in Sources */ = {isa = PBXBuildFile; fileRef = 2873A687287FB1E700401F74 /* OffsetAnimation.swift */; };
		2873A68A287FBCD100401F74 /* AnimateAlignment.swift in Sources */ = {isa = PBXBuildFile; fileRef = 2873A689287FBCD100401F74 /* AnimateAlignment.swift */; };
		2873A68C2880DA6100401F74 /* AnimateGeometryReader.swift in Sources */ = {isa = PBXBuildFile; fileRef = 2873A68B2880DA6100401F74 /* AnimateGeometryReader.swift */; };
		2880118F28863E180055CD0C /* TriggerSlider.swift in Sources */ = {isa = PBXBuildFile; fileRef = 2880118E28863E180055CD0C /* TriggerSlider.swift */; };
		2880119128863FE40055CD0C /* TriggerStepper.swift in Sources */ = {isa = PBXBuildFile; fileRef = 2880119028863FE40055CD0C /* TriggerStepper.swift */; };
		28801193288646850055CD0C /* TriggerToggle.swift in Sources */ = {isa = PBXBuildFile; fileRef = 28801192288646850055CD0C /* TriggerToggle.swift */; };
		2890D9EC2884F91D0089BA20 /* TriggerButton.swift in Sources */ = {isa = PBXBuildFile; fileRef = 2890D9EB2884F91D0089BA20 /* TriggerButton.swift */; };
		289B5367288500AB003AE3D7 /* TriggerSegmentedControl.swift in Sources */ = {isa = PBXBuildFile; fileRef = 289B5366288500AB003AE3D7 /* TriggerSegmentedControl.swift */; };
		289CFBBD2880E449006A4897 /* AnimateOpacity.swift in Sources */ = {isa = PBXBuildFile; fileRef = 289CFBBC2880E449006A4897 /* AnimateOpacity.swift */; };
		289CFBBF288103AF006A4897 /* AnimateRotationEffect.swift in Sources */ = {isa = PBXBuildFile; fileRef = 289CFBBE288103AF006A4897 /* AnimateRotationEffect.swift */; };
		289CFBC12881074C006A4897 /* AnimateRotationAnchor.swift in Sources */ = {isa = PBXBuildFile; fileRef = 289CFBC02881074C006A4897 /* AnimateRotationAnchor.swift */; };
		28CD4FCB2882158500CE7415 /* AnimateSizeScaleEffect.swift in Sources */ = {isa = PBXBuildFile; fileRef = 28CD4FCA2882158500CE7415 /* AnimateSizeScaleEffect.swift */; };
/* End PBXBuildFile section */

/* Begin PBXFileReference section */
		284D9EFF2882613500D17F13 /* AnimateRectangle.swift */ = {isa = PBXFileReference; lastKnownFileType = sourcecode.swift; path = AnimateRectangle.swift; sourceTree = "<group>"; };
		2853D80D288149F900E87B87 /* AnimateSizeFrame.swift */ = {isa = PBXFileReference; lastKnownFileType = sourcecode.swift; path = AnimateSizeFrame.swift; sourceTree = "<group>"; };
		286D5BF628822E4300736013 /* AnimateScaleEffectAnchors.swift */ = {isa = PBXFileReference; lastKnownFileType = sourcecode.swift; path = AnimateScaleEffectAnchors.swift; sourceTree = "<group>"; };
		286D5BF82882319700736013 /* AnimateRoundedCorners.swift */ = {isa = PBXFileReference; lastKnownFileType = sourcecode.swift; path = AnimateRoundedCorners.swift; sourceTree = "<group>"; };
		286D5BFA288233CD00736013 /* AnimateTextSize.swift */ = {isa = PBXFileReference; lastKnownFileType = sourcecode.swift; path = AnimateTextSize.swift; sourceTree = "<group>"; };
		286D5BFC2882355A00736013 /* AnimateTextSizeScaleEffect.swift */ = {isa = PBXFileReference; lastKnownFileType = sourcecode.swift; path = AnimateTextSizeScaleEffect.swift; sourceTree = "<group>"; };
		286D5BFE2882394C00736013 /* AnimateTextSizeScaleEffectSolution.swift */ = {isa = PBXFileReference; lastKnownFileType = sourcecode.swift; path = AnimateTextSizeScaleEffectSolution.swift; sourceTree = "<group>"; };
		286D5C0028825CEA00736013 /* AnimateTrim.swift */ = {isa = PBXFileReference; lastKnownFileType = sourcecode.swift; path = AnimateTrim.swift; sourceTree = "<group>"; };
		2873A672287B9B6700401F74 /* SwiftUIAnimation.app */ = {isa = PBXFileReference; explicitFileType = wrapper.application; includeInIndex = 0; path = SwiftUIAnimation.app; sourceTree = BUILT_PRODUCTS_DIR; };
		2873A675287B9B6700401F74 /* SwiftUIAnimationApp.swift */ = {isa = PBXFileReference; lastKnownFileType = sourcecode.swift; path = SwiftUIAnimationApp.swift; sourceTree = "<group>"; };
		2873A677287B9B6700401F74 /* ContentView.swift */ = {isa = PBXFileReference; lastKnownFileType = sourcecode.swift; path = ContentView.swift; sourceTree = "<group>"; };
		2873A679287B9B6900401F74 /* Assets.xcassets */ = {isa = PBXFileReference; lastKnownFileType = folder.assetcatalog; path = Assets.xcassets; sourceTree = "<group>"; };
		2873A67C287B9B6900401F74 /* Preview Assets.xcassets */ = {isa = PBXFileReference; lastKnownFileType = folder.assetcatalog; path = "Preview Assets.xcassets"; sourceTree = "<group>"; };
		2873A683287BC6CF00401F74 /* Text+Extention.swift */ = {isa = PBXFileReference; lastKnownFileType = sourcecode.swift; path = "Text+Extention.swift"; sourceTree = "<group>"; };
		2873A685287D6B5500401F74 /* Animate_Huerotation.swift */ = {isa = PBXFileReference; lastKnownFileType = sourcecode.swift; path = Animate_Huerotation.swift; sourceTree = "<group>"; };
		2873A687287FB1E700401F74 /* OffsetAnimation.swift */ = {isa = PBXFileReference; lastKnownFileType = sourcecode.swift; path = OffsetAnimation.swift; sourceTree = "<group>"; };
		2873A689287FBCD100401F74 /* AnimateAlignment.swift */ = {isa = PBXFileReference; lastKnownFileType = sourcecode.swift; path = AnimateAlignment.swift; sourceTree = "<group>"; };
		2873A68B2880DA6100401F74 /* AnimateGeometryReader.swift */ = {isa = PBXFileReference; lastKnownFileType = sourcecode.swift; path = AnimateGeometryReader.swift; sourceTree = "<group>"; };
		2880118E28863E180055CD0C /* TriggerSlider.swift */ = {isa = PBXFileReference; lastKnownFileType = sourcecode.swift; path = TriggerSlider.swift; sourceTree = "<group>"; };
		2880119028863FE40055CD0C /* TriggerStepper.swift */ = {isa = PBXFileReference; lastKnownFileType = sourcecode.swift; path = TriggerStepper.swift; sourceTree = "<group>"; };
		28801192288646850055CD0C /* TriggerToggle.swift */ = {isa = PBXFileReference; lastKnownFileType = sourcecode.swift; path = TriggerToggle.swift; sourceTree = "<group>"; };
		2890D9EB2884F91D0089BA20 /* TriggerButton.swift */ = {isa = PBXFileReference; lastKnownFileType = sourcecode.swift; path = TriggerButton.swift; sourceTree = "<group>"; };
		289B5366288500AB003AE3D7 /* TriggerSegmentedControl.swift */ = {isa = PBXFileReference; lastKnownFileType = sourcecode.swift; path = TriggerSegmentedControl.swift; sourceTree = "<group>"; };
		289CFBBC2880E449006A4897 /* AnimateOpacity.swift */ = {isa = PBXFileReference; lastKnownFileType = sourcecode.swift; path = AnimateOpacity.swift; sourceTree = "<group>"; };
		289CFBBE288103AF006A4897 /* AnimateRotationEffect.swift */ = {isa = PBXFileReference; lastKnownFileType = sourcecode.swift; path = AnimateRotationEffect.swift; sourceTree = "<group>"; };
		289CFBC02881074C006A4897 /* AnimateRotationAnchor.swift */ = {isa = PBXFileReference; lastKnownFileType = sourcecode.swift; path = AnimateRotationAnchor.swift; sourceTree = "<group>"; };
		28CD4FCA2882158500CE7415 /* AnimateSizeScaleEffect.swift */ = {isa = PBXFileReference; lastKnownFileType = sourcecode.swift; path = AnimateSizeScaleEffect.swift; sourceTree = "<group>"; };
/* End PBXFileReference section */

/* Begin PBXFrameworksBuildPhase section */
		2873A66F287B9B6700401F74 /* Frameworks */ = {
			isa = PBXFrameworksBuildPhase;
			buildActionMask = 2147483647;
			files = (
			);
			runOnlyForDeploymentPostprocessing = 0;
		};
/* End PBXFrameworksBuildPhase section */

/* Begin PBXGroup section */
		2873A669287B9B6700401F74 = {
			isa = PBXGroup;
			children = (
				2873A674287B9B6700401F74 /* SwiftUIAnimation */,
				2873A673287B9B6700401F74 /* Products */,
			);
			sourceTree = "<group>";
		};
		2873A673287B9B6700401F74 /* Products */ = {
			isa = PBXGroup;
			children = (
				2873A672287B9B6700401F74 /* SwiftUIAnimation.app */,
			);
			name = Products;
			sourceTree = "<group>";
		};
		2873A674287B9B6700401F74 /* SwiftUIAnimation */ = {
			isa = PBXGroup;
			children = (
				2873A675287B9B6700401F74 /* SwiftUIAnimationApp.swift */,
				2873A677287B9B6700401F74 /* ContentView.swift */,
				2873A687287FB1E700401F74 /* OffsetAnimation.swift */,
				2873A689287FBCD100401F74 /* AnimateAlignment.swift */,
				2873A68B2880DA6100401F74 /* AnimateGeometryReader.swift */,
				289CFBBC2880E449006A4897 /* AnimateOpacity.swift */,
				2873A685287D6B5500401F74 /* Animate_Huerotation.swift */,
				289CFBBE288103AF006A4897 /* AnimateRotationEffect.swift */,
				289CFBC02881074C006A4897 /* AnimateRotationAnchor.swift */,
				2853D80D288149F900E87B87 /* AnimateSizeFrame.swift */,
				28CD4FCA2882158500CE7415 /* AnimateSizeScaleEffect.swift */,
				286D5BF628822E4300736013 /* AnimateScaleEffectAnchors.swift */,
				2873A683287BC6CF00401F74 /* Text+Extention.swift */,
				286D5BF82882319700736013 /* AnimateRoundedCorners.swift */,
				286D5BFA288233CD00736013 /* AnimateTextSize.swift */,
				286D5BFC2882355A00736013 /* AnimateTextSizeScaleEffect.swift */,
				286D5BFE2882394C00736013 /* AnimateTextSizeScaleEffectSolution.swift */,
				284D9EFF2882613500D17F13 /* AnimateRectangle.swift */,
				2880118E28863E180055CD0C /* TriggerSlider.swift */,
				2880119028863FE40055CD0C /* TriggerStepper.swift */,
				28801192288646850055CD0C /* TriggerToggle.swift */,
				286D5C0028825CEA00736013 /* AnimateTrim.swift */,
				2890D9EB2884F91D0089BA20 /* TriggerButton.swift */,
				289B5366288500AB003AE3D7 /* TriggerSegmentedControl.swift */,
				2873A679287B9B6900401F74 /* Assets.xcassets */,
				2873A67B287B9B6900401F74 /* Preview Content */,
			);
			path = SwiftUIAnimation;
			sourceTree = "<group>";
		};
		2873A67B287B9B6900401F74 /* Preview Content */ = {
			isa = PBXGroup;
			children = (
				2873A67C287B9B6900401F74 /* Preview Assets.xcassets */,
			);
			path = "Preview Content";
			sourceTree = "<group>";
		};
/* End PBXGroup section */

/* Begin PBXNativeTarget section */
		2873A671287B9B6700401F74 /* SwiftUIAnimation */ = {
			isa = PBXNativeTarget;
			buildConfigurationList = 2873A680287B9B6900401F74 /* Build configuration list for PBXNativeTarget "SwiftUIAnimation" */;
			buildPhases = (
				2873A66E287B9B6700401F74 /* Sources */,
				2873A66F287B9B6700401F74 /* Frameworks */,
				2873A670287B9B6700401F74 /* Resources */,
			);
			buildRules = (
			);
			dependencies = (
			);
			name = SwiftUIAnimation;
			productName = SwiftUIAnimation;
			productReference = 2873A672287B9B6700401F74 /* SwiftUIAnimation.app */;
			productType = "com.apple.product-type.application";
		};
/* End PBXNativeTarget section */

/* Begin PBXProject section */
		2873A66A287B9B6700401F74 /* Project object */ = {
			isa = PBXProject;
			attributes = {
				BuildIndependentTargetsInParallel = 1;
				LastSwiftUpdateCheck = 1400;
				LastUpgradeCheck = 1400;
				TargetAttributes = {
					2873A671287B9B6700401F74 = {
						CreatedOnToolsVersion = 14.0;
					};
				};
			};
			buildConfigurationList = 2873A66D287B9B6700401F74 /* Build configuration list for PBXProject "SwiftUIAnimation" */;
			compatibilityVersion = "Xcode 14.0";
			developmentRegion = en;
			hasScannedForEncodings = 0;
			knownRegions = (
				en,
				Base,
			);
			mainGroup = 2873A669287B9B6700401F74;
			productRefGroup = 2873A673287B9B6700401F74 /* Products */;
			projectDirPath = "";
			projectRoot = "";
			targets = (
				2873A671287B9B6700401F74 /* SwiftUIAnimation */,
			);
		};
/* End PBXProject section */

/* Begin PBXResourcesBuildPhase section */
		2873A670287B9B6700401F74 /* Resources */ = {
			isa = PBXResourcesBuildPhase;
			buildActionMask = 2147483647;
			files = (
				2873A67D287B9B6900401F74 /* Preview Assets.xcassets in Resources */,
				2873A67A287B9B6900401F74 /* Assets.xcassets in Resources */,
			);
			runOnlyForDeploymentPostprocessing = 0;
		};
/* End PBXResourcesBuildPhase section */

/* Begin PBXSourcesBuildPhase section */
		2873A66E287B9B6700401F74 /* Sources */ = {
			isa = PBXSourcesBuildPhase;
			buildActionMask = 2147483647;
			files = (
				2873A686287D6B5500401F74 /* Animate_Huerotation.swift in Sources */,
				2880119128863FE40055CD0C /* TriggerStepper.swift in Sources */,
				286D5C0128825CEA00736013 /* AnimateTrim.swift in Sources */,
				2890D9EC2884F91D0089BA20 /* TriggerButton.swift in Sources */,
				2873A684287BC6CF00401F74 /* Text+Extention.swift in Sources */,
				284D9F002882613500D17F13 /* AnimateRectangle.swift in Sources */,
				289B5367288500AB003AE3D7 /* TriggerSegmentedControl.swift in Sources */,
				28CD4FCB2882158500CE7415 /* AnimateSizeScaleEffect.swift in Sources */,
				2873A678287B9B6700401F74 /* ContentView.swift in Sources */,
				2873A68C2880DA6100401F74 /* AnimateGeometryReader.swift in Sources */,
				2873A68A287FBCD100401F74 /* AnimateAlignment.swift in Sources */,
				2873A688287FB1E700401F74 /* OffsetAnimation.swift in Sources */,
				2880118F28863E180055CD0C /* TriggerSlider.swift in Sources */,
				2853D80E288149F900E87B87 /* AnimateSizeFrame.swift in Sources */,
				286D5BF92882319700736013 /* AnimateRoundedCorners.swift in Sources */,
				286D5BFB288233CD00736013 /* AnimateTextSize.swift in Sources */,
				289CFBC12881074C006A4897 /* AnimateRotationAnchor.swift in Sources */,
				289CFBBF288103AF006A4897 /* AnimateRotationEffect.swift in Sources */,
				2873A676287B9B6700401F74 /* SwiftUIAnimationApp.swift in Sources */,
				286D5BFF2882394C00736013 /* AnimateTextSizeScaleEffectSolution.swift in Sources */,
				28801193288646850055CD0C /* TriggerToggle.swift in Sources */,
				289CFBBD2880E449006A4897 /* AnimateOpacity.swift in Sources */,
				286D5BFD2882355A00736013 /* AnimateTextSizeScaleEffect.swift in Sources */,
				286D5BF728822E4300736013 /* AnimateScaleEffectAnchors.swift in Sources */,
			);
			runOnlyForDeploymentPostprocessing = 0;
		};
/* End PBXSourcesBuildPhase section */

/* Begin XCBuildConfiguration section */
		2873A67E287B9B6900401F74 /* Debug */ = {
			isa = XCBuildConfiguration;
			buildSettings = {
				ALWAYS_SEARCH_USER_PATHS = NO;
				CLANG_ANALYZER_NONNULL = YES;
				CLANG_ANALYZER_NUMBER_OBJECT_CONVERSION = YES_AGGRESSIVE;
				CLANG_CXX_LANGUAGE_STANDARD = "gnu++20";
				CLANG_ENABLE_MODULES = YES;
				CLANG_ENABLE_OBJC_ARC = YES;
				CLANG_ENABLE_OBJC_WEAK = YES;
				CLANG_WARN_BLOCK_CAPTURE_AUTORELEASING = YES;
				CLANG_WARN_BOOL_CONVERSION = YES;
				CLANG_WARN_COMMA = YES;
				CLANG_WARN_CONSTANT_CONVERSION = YES;
				CLANG_WARN_DEPRECATED_OBJC_IMPLEMENTATIONS = YES;
				CLANG_WARN_DIRECT_OBJC_ISA_USAGE = YES_ERROR;
				CLANG_WARN_DOCUMENTATION_COMMENTS = YES;
				CLANG_WARN_EMPTY_BODY = YES;
				CLANG_WARN_ENUM_CONVERSION = YES;
				CLANG_WARN_INFINITE_RECURSION = YES;
				CLANG_WARN_INT_CONVERSION = YES;
				CLANG_WARN_NON_LITERAL_NULL_CONVERSION = YES;
				CLANG_WARN_OBJC_IMPLICIT_RETAIN_SELF = YES;
				CLANG_WARN_OBJC_LITERAL_CONVERSION = YES;
				CLANG_WARN_OBJC_ROOT_CLASS = YES_ERROR;
				CLANG_WARN_QUOTED_INCLUDE_IN_FRAMEWORK_HEADER = YES;
				CLANG_WARN_RANGE_LOOP_ANALYSIS = YES;
				CLANG_WARN_STRICT_PROTOTYPES = YES;
				CLANG_WARN_SUSPICIOUS_MOVE = YES;
				CLANG_WARN_UNGUARDED_AVAILABILITY = YES_AGGRESSIVE;
				CLANG_WARN_UNREACHABLE_CODE = YES;
				CLANG_WARN__DUPLICATE_METHOD_MATCH = YES;
				COPY_PHASE_STRIP = NO;
				DEBUG_INFORMATION_FORMAT = dwarf;
				ENABLE_STRICT_OBJC_MSGSEND = YES;
				ENABLE_TESTABILITY = YES;
				GCC_C_LANGUAGE_STANDARD = gnu11;
				GCC_DYNAMIC_NO_PIC = NO;
				GCC_NO_COMMON_BLOCKS = YES;
				GCC_OPTIMIZATION_LEVEL = 0;
				GCC_PREPROCESSOR_DEFINITIONS = (
					"DEBUG=1",
					"$(inherited)",
				);
				GCC_WARN_64_TO_32_BIT_CONVERSION = YES;
				GCC_WARN_ABOUT_RETURN_TYPE = YES_ERROR;
				GCC_WARN_UNDECLARED_SELECTOR = YES;
				GCC_WARN_UNINITIALIZED_AUTOS = YES_AGGRESSIVE;
				GCC_WARN_UNUSED_FUNCTION = YES;
				GCC_WARN_UNUSED_VARIABLE = YES;
				IPHONEOS_DEPLOYMENT_TARGET = 16.0;
				MTL_ENABLE_DEBUG_INFO = INCLUDE_SOURCE;
				MTL_FAST_MATH = YES;
				ONLY_ACTIVE_ARCH = YES;
				SDKROOT = iphoneos;
				SWIFT_ACTIVE_COMPILATION_CONDITIONS = DEBUG;
				SWIFT_OPTIMIZATION_LEVEL = "-Onone";
			};
			name = Debug;
		};
		2873A67F287B9B6900401F74 /* Release */ = {
			isa = XCBuildConfiguration;
			buildSettings = {
				ALWAYS_SEARCH_USER_PATHS = NO;
				CLANG_ANALYZER_NONNULL = YES;
				CLANG_ANALYZER_NUMBER_OBJECT_CONVERSION = YES_AGGRESSIVE;
				CLANG_CXX_LANGUAGE_STANDARD = "gnu++20";
				CLANG_ENABLE_MODULES = YES;
				CLANG_ENABLE_OBJC_ARC = YES;
				CLANG_ENABLE_OBJC_WEAK = YES;
				CLANG_WARN_BLOCK_CAPTURE_AUTORELEASING = YES;
				CLANG_WARN_BOOL_CONVERSION = YES;
				CLANG_WARN_COMMA = YES;
				CLANG_WARN_CONSTANT_CONVERSION = YES;
				CLANG_WARN_DEPRECATED_OBJC_IMPLEMENTATIONS = YES;
				CLANG_WARN_DIRECT_OBJC_ISA_USAGE = YES_ERROR;
				CLANG_WARN_DOCUMENTATION_COMMENTS = YES;
				CLANG_WARN_EMPTY_BODY = YES;
				CLANG_WARN_ENUM_CONVERSION = YES;
				CLANG_WARN_INFINITE_RECURSION = YES;
				CLANG_WARN_INT_CONVERSION = YES;
				CLANG_WARN_NON_LITERAL_NULL_CONVERSION = YES;
				CLANG_WARN_OBJC_IMPLICIT_RETAIN_SELF = YES;
				CLANG_WARN_OBJC_LITERAL_CONVERSION = YES;
				CLANG_WARN_OBJC_ROOT_CLASS = YES_ERROR;
				CLANG_WARN_QUOTED_INCLUDE_IN_FRAMEWORK_HEADER = YES;
				CLANG_WARN_RANGE_LOOP_ANALYSIS = YES;
				CLANG_WARN_STRICT_PROTOTYPES = YES;
				CLANG_WARN_SUSPICIOUS_MOVE = YES;
				CLANG_WARN_UNGUARDED_AVAILABILITY = YES_AGGRESSIVE;
				CLANG_WARN_UNREACHABLE_CODE = YES;
				CLANG_WARN__DUPLICATE_METHOD_MATCH = YES;
				COPY_PHASE_STRIP = NO;
				DEBUG_INFORMATION_FORMAT = "dwarf-with-dsym";
				ENABLE_NS_ASSERTIONS = NO;
				ENABLE_STRICT_OBJC_MSGSEND = YES;
				GCC_C_LANGUAGE_STANDARD = gnu11;
				GCC_NO_COMMON_BLOCKS = YES;
				GCC_WARN_64_TO_32_BIT_CONVERSION = YES;
				GCC_WARN_ABOUT_RETURN_TYPE = YES_ERROR;
				GCC_WARN_UNDECLARED_SELECTOR = YES;
				GCC_WARN_UNINITIALIZED_AUTOS = YES_AGGRESSIVE;
				GCC_WARN_UNUSED_FUNCTION = YES;
				GCC_WARN_UNUSED_VARIABLE = YES;
				IPHONEOS_DEPLOYMENT_TARGET = 16.0;
				MTL_ENABLE_DEBUG_INFO = NO;
				MTL_FAST_MATH = YES;
				SDKROOT = iphoneos;
				SWIFT_COMPILATION_MODE = wholemodule;
				SWIFT_OPTIMIZATION_LEVEL = "-O";
				VALIDATE_PRODUCT = YES;
			};
			name = Release;
		};
		2873A681287B9B6900401F74 /* Debug */ = {
			isa = XCBuildConfiguration;
			buildSettings = {
				ASSETCATALOG_COMPILER_APPICON_NAME = AppIcon;
				ASSETCATALOG_COMPILER_GLOBAL_ACCENT_COLOR_NAME = AccentColor;
				CODE_SIGN_STYLE = Automatic;
				CURRENT_PROJECT_VERSION = 1;
				DEVELOPMENT_ASSET_PATHS = "\"SwiftUIAnimation/Preview Content\"";
				DEVELOPMENT_TEAM = UN432L4MFG;
				ENABLE_PREVIEWS = YES;
				GENERATE_INFOPLIST_FILE = YES;
				INFOPLIST_KEY_UIApplicationSceneManifest_Generation = YES;
				INFOPLIST_KEY_UIApplicationSupportsIndirectInputEvents = YES;
				INFOPLIST_KEY_UILaunchScreen_Generation = YES;
				INFOPLIST_KEY_UISupportedInterfaceOrientations = UIInterfaceOrientationPortrait;
				LD_RUNPATH_SEARCH_PATHS = (
					"$(inherited)",
					"@executable_path/Frameworks",
				);
				MARKETING_VERSION = 1.0;
				PRODUCT_BUNDLE_IDENTIFIER = VZ.SwiftUIAnimation;
				PRODUCT_NAME = "$(TARGET_NAME)";
				SWIFT_EMIT_LOC_STRINGS = YES;
				SWIFT_VERSION = 5.0;
				TARGETED_DEVICE_FAMILY = "1,2";
			};
			name = Debug;
		};
		2873A682287B9B6900401F74 /* Release */ = {
			isa = XCBuildConfiguration;
			buildSettings = {
				ASSETCATALOG_COMPILER_APPICON_NAME = AppIcon;
				ASSETCATALOG_COMPILER_GLOBAL_ACCENT_COLOR_NAME = AccentColor;
				CODE_SIGN_STYLE = Automatic;
				CURRENT_PROJECT_VERSION = 1;
				DEVELOPMENT_ASSET_PATHS = "\"SwiftUIAnimation/Preview Content\"";
				DEVELOPMENT_TEAM = UN432L4MFG;
				ENABLE_PREVIEWS = YES;
				GENERATE_INFOPLIST_FILE = YES;
				INFOPLIST_KEY_UIApplicationSceneManifest_Generation = YES;
				INFOPLIST_KEY_UIApplicationSupportsIndirectInputEvents = YES;
				INFOPLIST_KEY_UILaunchScreen_Generation = YES;
				INFOPLIST_KEY_UISupportedInterfaceOrientations = UIInterfaceOrientationPortrait;
				LD_RUNPATH_SEARCH_PATHS = (
					"$(inherited)",
					"@executable_path/Frameworks",
				);
				MARKETING_VERSION = 1.0;
				PRODUCT_BUNDLE_IDENTIFIER = VZ.SwiftUIAnimation;
				PRODUCT_NAME = "$(TARGET_NAME)";
				SWIFT_EMIT_LOC_STRINGS = YES;
				SWIFT_VERSION = 5.0;
				TARGETED_DEVICE_FAMILY = "1,2";
			};
			name = Release;
		};
/* End XCBuildConfiguration section */

/* Begin XCConfigurationList section */
		2873A66D287B9B6700401F74 /* Build configuration list for PBXProject "SwiftUIAnimation" */ = {
			isa = XCConfigurationList;
			buildConfigurations = (
				2873A67E287B9B6900401F74 /* Debug */,
				2873A67F287B9B6900401F74 /* Release */,
			);
			defaultConfigurationIsVisible = 0;
			defaultConfigurationName = Release;
		};
		2873A680287B9B6900401F74 /* Build configuration list for PBXNativeTarget "SwiftUIAnimation" */ = {
			isa = XCConfigurationList;
			buildConfigurations = (
				2873A681287B9B6900401F74 /* Debug */,
				2873A682287B9B6900401F74 /* Release */,
			);
			defaultConfigurationIsVisible = 0;
			defaultConfigurationName = Release;
		};
/* End XCConfigurationList section */
	};
	rootObject = 2873A66A287B9B6700401F74 /* Project object */;
}
